{
  "requires": true,
  "lockfileVersion": 1,
  "dependencies": {
    "ngx-contentful-rich-text": {
      "version": "0.4.0",
      "resolved": "https://registry.npmjs.org/ngx-contentful-rich-text/-/ngx-contentful-rich-text-0.4.0.tgz",
      "integrity": "sha512-Qzz0qfOuR1Widneet7c4FUusZu2ewJUv4Jq8VY7BQ3MLg4U4eqvuRjKpDXgslzdAOx2Yj65YBUialxzhuH0Vsg==",
      "requires": {
        "@contentful/rich-text-types": "^14.0.0"
      },
      "dependencies": {
        "@contentful/rich-text-types": {
          "version": "14.1.2",
          "resolved": "https://registry.npmjs.org/@contentful/rich-text-types/-/rich-text-types-14.1.2.tgz",
          "integrity": "sha512-XbgZ7op5uyYYszipgQg/bYobF4b+llXyTwS8hISRniQY9xKESz544eP2OGmRc4J3MHx29M7Vmx7TVA/IK65giQ=="
        }
      }
    }
  }
}
